schema: '2.0'
stages:
  data_ingestion:
    cmd: python src/cnnClassifier/pipeline/stage_01_data_ingestion.py
    deps:
    - path: config/config.yaml
      hash: md5
      md5: ac75afe2a56a28bd5c307d57360e6cce
      size: 1347
    - path: src/cnnClassifier/pipeline/stage_01_data_ingestion.py
      hash: md5
      md5: 9b81a1a2e43e9682ff56f7c03d6f5ad8
      size: 928
    outs:
    - path: artifacts/data_ingestion/Chicken-fecal-images
      hash: md5
      md5: 9e1f8dd2eae3c29e9d635df89d438ae4.dir
      size: 12207807
      nfiles: 390
  prepare_base_model:
    cmd: python src/cnnClassifier/pipeline/stage_02_prepare_base_model.py
    deps:
    - path: config/config.yaml
      hash: md5
      md5: ac75afe2a56a28bd5c307d57360e6cce
      size: 1347
    - path: src/cnnClassifier/pipeline/stage_02_prepare_base_model.py
      hash: md5
      md5: 1c8c03694148a53674b2cde532163b86
      size: 993
    params:
      params.yaml:
        CLASSES: 2
        IMAGE_SIZE:
        - 224
        - 224
        - 3
        INCLUDE_TOP: false
        LEARNING_RATE: 0.001
        WEIGHTS: imagenet
    outs:
    - path: artifacts/prepare_base_model
      hash: md5
      md5: b03ddd7d8dbd9f57eb505e4214274f02.dir
      size: 118054560
      nfiles: 2
  training:
    cmd: python src/cnnClassifier/pipeline/stage_03_model_training.py
    deps:
    - path: artifacts/data_ingestion/Chicken-fecal-images
      hash: md5
      md5: 9e1f8dd2eae3c29e9d635df89d438ae4.dir
      size: 12207807
      nfiles: 390
    - path: artifacts/prepare_base_model
      hash: md5
      md5: b03ddd7d8dbd9f57eb505e4214274f02.dir
      size: 118054560
      nfiles: 2
    - path: config/config.yaml
      hash: md5
      md5: ac75afe2a56a28bd5c307d57360e6cce
      size: 1347
    - path: src/cnnClassifier/pipeline/stage_03_model_training.py
      hash: md5
      md5: 5e33c7caa222257dbaff480c953e8b5d
      size: 928
    params:
      params.yaml:
        AUGMENTATION: true
        BATCH_SIZE: 12
        EPOCHS: 15
        IMAGE_SIZE:
        - 224
        - 224
        - 3
    outs:
    - path: artifacts/training/model.h5
      hash: md5
      md5: 409b093cccd467a606cd5c1547c50ee8
      size: 59337520
  evaluation:
    cmd: python src/cnnClassifier/pipeline/stage_04_evaluation.py
    deps:
    - path: artifacts/data_ingestion/Chicken-fecal-images
      hash: md5
      md5: 9e1f8dd2eae3c29e9d635df89d438ae4.dir
      size: 12207807
      nfiles: 390
    - path: artifacts/training/model.h5
      hash: md5
      md5: 409b093cccd467a606cd5c1547c50ee8
      size: 59337520
    - path: config/config.yaml
      hash: md5
      md5: ac75afe2a56a28bd5c307d57360e6cce
      size: 1347
    - path: src/cnnClassifier/pipeline/stage_04_evaluation.py
      hash: md5
      md5: 3d5d376348cb9c6415729cb84c704e3c
      size: 927
    params:
      params.yaml:
        BATCH_SIZE: 12
        IMAGE_SIZE:
        - 224
        - 224
        - 3
    outs:
    - path: scores.json
      hash: md5
      md5: 1f4024c5fce6bd8079f01ad87497924e
      size: 74
